
Microsoft Visual Studio Solution File, Format Version 12.00
# Visual Studio Version 17
VisualStudioVersion = 17.14.35906.104 d17.14
MinimumVisualStudioVersion = 10.0.40219.1
Project("{FAE04EC0-301F-11D3-BF4B-00C04F79EFBC}") = "Hw6", "Hw6\Hw6.csproj", "{C06B9826-5D2F-4099-8B61-1C8D73E75276}"
EndProject
Project("{FAE04EC0-301F-11D3-BF4B-00C04F79EFBC}") = "Hw6.Test", "Hw6.Test\Hw6.Test.csproj", "{314D560B-F580-49E5-894F-A5BAA85BE124}"
EndProject
Global
	GlobalSection(SolutionConfigurationPlatforms) = preSolution
		Debug|Any CPU = Debug|Any CPU
		Release|Any CPU = Release|Any CPU
	EndGlobalSection
	GlobalSection(ProjectConfigurationPlatforms) = postSolution
		{C06B9826-5D2F-4099-8B61-1C8D73E75276}.Debug|Any CPU.ActiveCfg = Debug|Any CPU
		{C06B9826-5D2F-4099-8B61-1C8D73E75276}.Debug|Any CPU.Build.0 = Debug|Any CPU
		{C06B9826-5D2F-4099-8B61-1C8D73E75276}.Release|Any CPU.ActiveCfg = Release|Any CPU
		{C06B9826-5D2F-4099-8B61-1C8D73E75276}.Release|Any CPU.Build.0 = Release|Any CPU
		{314D560B-F580-49E5-894F-A5BAA85BE124}.Debug|Any CPU.ActiveCfg = Debug|Any CPU
		{314D560B-F580-49E5-894F-A5BAA85BE124}.Debug|Any CPU.Build.0 = Debug|Any CPU
		{314D560B-F580-49E5-894F-A5BAA85BE124}.Release|Any CPU.ActiveCfg = Release|Any CPU
		{314D560B-F580-49E5-894F-A5BAA85BE124}.Release|Any CPU.Build.0 = Release|Any CPU
	EndGlobalSection
	GlobalSection(SolutionProperties) = preSolution
		HideSolutionNode = FALSE
	EndGlobalSection
	GlobalSection(ExtensibilityGlobals) = postSolution
		SolutionGuid = {F4EC07DC-6DC5-4CDA-B53C-24CC6B39A0B8}
	EndGlobalSection
EndGlobal
