
Microsoft Visual Studio Solution File, Format Version 12.00
# Visual Studio Version 17
VisualStudioVersion = 17.14.35906.104 d17.14
MinimumVisualStudioVersion = 10.0.40219.1
Project("{FAE04EC0-301F-11D3-BF4B-00C04F79EFBC}") = "Hw9", "Hw9\Hw9.csproj", "{615F23FF-EF46-46CC-AA92-AD3CB1AB8BC9}"
EndProject
Project("{FAE04EC0-301F-11D3-BF4B-00C04F79EFBC}") = "Hw9.Test", "Hw9.Test\Hw9.Test.csproj", "{B1A74FFE-6E31-4C64-AD42-849BFEB62135}"
EndProject
Global
	GlobalSection(SolutionConfigurationPlatforms) = preSolution
		Debug|Any CPU = Debug|Any CPU
		Release|Any CPU = Release|Any CPU
	EndGlobalSection
	GlobalSection(ProjectConfigurationPlatforms) = postSolution
		{615F23FF-EF46-46CC-AA92-AD3CB1AB8BC9}.Debug|Any CPU.ActiveCfg = Debug|Any CPU
		{615F23FF-EF46-46CC-AA92-AD3CB1AB8BC9}.Debug|Any CPU.Build.0 = Debug|Any CPU
		{615F23FF-EF46-46CC-AA92-AD3CB1AB8BC9}.Release|Any CPU.ActiveCfg = Release|Any CPU
		{615F23FF-EF46-46CC-AA92-AD3CB1AB8BC9}.Release|Any CPU.Build.0 = Release|Any CPU
		{B1A74FFE-6E31-4C64-AD42-849BFEB62135}.Debug|Any CPU.ActiveCfg = Debug|Any CPU
		{B1A74FFE-6E31-4C64-AD42-849BFEB62135}.Debug|Any CPU.Build.0 = Debug|Any CPU
		{B1A74FFE-6E31-4C64-AD42-849BFEB62135}.Release|Any CPU.ActiveCfg = Release|Any CPU
		{B1A74FFE-6E31-4C64-AD42-849BFEB62135}.Release|Any CPU.Build.0 = Release|Any CPU
	EndGlobalSection
	GlobalSection(SolutionProperties) = preSolution
		HideSolutionNode = FALSE
	EndGlobalSection
	GlobalSection(ExtensibilityGlobals) = postSolution
		SolutionGuid = {6DC6A597-0515-456A-A900-AAEECB0EF0DD}
	EndGlobalSection
EndGlobal
